<?xml version="1.0" encoding="utf-8"?>
<Project ToolsVersion="4.0" xmlns="http://schemas.microsoft.com/developer/msbuild/2003">
  <ItemGroup>
    <Filter Include="소스 파일">
      <UniqueIdentifier>{4FC737F1-C7A5-4376-A066-2A32D752A2FF}</UniqueIdentifier>
      <Extensions>cpp;c;cc;cxx;c++;cppm;ixx;def;odl;idl;hpj;bat;asm;asmx</Extensions>
    </Filter>
    <Filter Include="헤더 파일">
      <UniqueIdentifier>{93995380-89BD-4b04-88EB-625FBE52EBFB}</UniqueIdentifier>
      <Extensions>h;hh;hpp;hxx;h++;hm;inl;inc;ipp;xsd</Extensions>
    </Filter>
    <Filter Include="리소스 파일">
      <UniqueIdentifier>{67DA6AB6-F800-4c08-8B7A-83BB121AAD01}</UniqueIdentifier>
      <Extensions>rc;ico;cur;bmp;dlg;rc2;rct;bin;rgs;gif;jpg;jpeg;jpe;resx;tiff;tif;png;wav;mfcribbon-ms</Extensions>
    </Filter>
    <Filter Include="소스 파일\2주차">
      <UniqueIdentifier>{ff75ebcc-19bf-4145-92d2-b772a209a210}</UniqueIdentifier>
    </Filter>
    <Filter Include="소스 파일\3주차">
      <UniqueIdentifier>{b4b8b1d0-490c-4e80-a7dd-e486f1deea07}</UniqueIdentifier>
    </Filter>
    <Filter Include="소스 파일\Project">
      <UniqueIdentifier>{cff89549-8a35-4780-abb0-75ba937a5575}</UniqueIdentifier>
    </Filter>
    <Filter Include="소스 파일\4주차">
      <UniqueIdentifier>{58342647-161c-4d05-b229-57de7b7c7520}</UniqueIdentifier>
    </Filter>
    <Filter Include="소스 파일\5주차">
      <UniqueIdentifier>{5a352110-52d6-48de-b1a8-b1167dc771d3}</UniqueIdentifier>
    </Filter>
    <Filter Include="소스 파일\6주차">
      <UniqueIdentifier>{e3e5eb73-5042-4f22-8d4f-114b78161ea7}</UniqueIdentifier>
    </Filter>
    <Filter Include="소스 파일\7주차">
      <UniqueIdentifier>{5ed09e7c-86a9-487a-8151-1dc285113ea3}</UniqueIdentifier>
    </Filter>
  </ItemGroup>
  <ItemGroup>
    <ClCompile Include="src\week2\선택정렬.cpp">
      <Filter>소스 파일\2주차</Filter>
    </ClCompile>
    <ClCompile Include="src\week2\탐색하기1.cpp">
      <Filter>소스 파일\2주차</Filter>
    </ClCompile>
    <ClCompile Include="src\week2\탐색하기2.cpp">
      <Filter>소스 파일\2주차</Filter>
    </ClCompile>
    <ClCompile Include="src\week2\탐색하기3.cpp">
      <Filter>소스 파일\2주차</Filter>
    </ClCompile>
    <ClCompile Include="src\week2\합구하기2.cpp">
      <Filter>소스 파일\2주차</Filter>
    </ClCompile>
    <ClCompile Include="src\week2\합구하기3.cpp">
      <Filter>소스 파일\2주차</Filter>
    </ClCompile>
    <ClCompile Include="src\week3\다양성.cpp">
      <Filter>소스 파일\3주차</Filter>
    </ClCompile>
    <ClCompile Include="src\week3\도토리키재기.cpp">
      <Filter>소스 파일\3주차</Filter>
    </ClCompile>
    <ClCompile Include="src\week3\문자열의비교.cpp">
      <Filter>소스 파일\3주차</Filter>
    </ClCompile>
    <ClCompile Include="src\week3\오름차순인가.cpp">
      <Filter>소스 파일\3주차</Filter>
    </ClCompile>
    <ClCompile Include="src\project\project1.cpp">
      <Filter>소스 파일\Project</Filter>
    </ClCompile>
    <ClCompile Include="form.cpp">
      <Filter>소스 파일</Filter>
    </ClCompile>
    <ClCompile Include="src\week4\픽셀수세기.cpp">
      <Filter>소스 파일\4주차</Filter>
    </ClCompile>
    <ClCompile Include="src\week4\데스티니.cpp">
      <Filter>소스 파일\4주차</Filter>
    </ClCompile>
    <ClCompile Include="src\week4\버블정렬.cpp">
      <Filter>소스 파일\4주차</Filter>
    </ClCompile>
    <ClCompile Include="src\week4\소수의판별.cpp">
      <Filter>소스 파일\4주차</Filter>
    </ClCompile>
    <ClCompile Include="src\week4\정주행.cpp">
      <Filter>소스 파일\4주차</Filter>
    </ClCompile>
    <ClCompile Include="src\week5\전화번호.cpp">
      <Filter>소스 파일\5주차</Filter>
    </ClCompile>
    <ClCompile Include="src\week5\페인트.cpp">
      <Filter>소스 파일\5주차</Filter>
    </ClCompile>
    <ClCompile Include="src\week5\응모.cpp">
      <Filter>소스 파일\5주차</Filter>
    </ClCompile>
    <ClCompile Include="src\week5\피보나치.cpp">
      <Filter>소스 파일\5주차</Filter>
    </ClCompile>
    <ClCompile Include="src\week6\스도쿠보드.cpp">
      <Filter>소스 파일\6주차</Filter>
    </ClCompile>
    <ClCompile Include="src\week6\Probing.cpp">
      <Filter>소스 파일\6주차</Filter>
    </ClCompile>
    <ClCompile Include="src\week6\소인수분해.cpp">
      <Filter>소스 파일\6주차</Filter>
    </ClCompile>
    <ClCompile Include="src\week6\소수세기.cpp">
      <Filter>소스 파일\6주차</Filter>
    </ClCompile>
    <ClCompile Include="src\project\project2_종이.cpp">
      <Filter>소스 파일\Project</Filter>
    </ClCompile>
    <ClCompile Include="src\project\project2_카지노.cpp">
      <Filter>소스 파일\Project</Filter>
    </ClCompile>
    <ClCompile Include="src\week7\두 직사각형.cpp">
      <Filter>소스 파일\7주차</Filter>
    </ClCompile>
    <ClCompile Include="src\week7\세 카드.cpp">
      <Filter>소스 파일\7주차</Filter>
    </ClCompile>
  </ItemGroup>
</Project>